
Microsoft Visual Studio Solution File, Format Version 12.00
# Visual Studio 14
VisualStudioVersion = 14.0.25123.0
MinimumVisualStudioVersion = 10.0.40219.1
Project("{FAE04EC0-301F-11D3-BF4B-00C04F79EFBC}") = "OrlandoDemoApp.Droid", "OrlandoDemoApp\OrlandoDemoApp.Droid\OrlandoDemoApp.Droid.csproj", "{D28A9305-4518-457F-BF70-DE517949A239}"
EndProject
Project("{FAE04EC0-301F-11D3-BF4B-00C04F79EFBC}") = "OrlandoDemoApp.iOS", "OrlandoDemoApp\OrlandoDemoApp.iOS\OrlandoDemoApp.iOS.csproj", "{8391B261-FE45-4A4F-8A7D-ED32423AF4DB}"
EndProject
Project("{FAE04EC0-301F-11D3-BF4B-00C04F79EFBC}") = "OrlandoDemoApp.WinPhone", "OrlandoDemoApp\OrlandoDemoApp.WinPhone\OrlandoDemoApp.WinPhone.csproj", "{1C723ADA-6D30-4B1E-AB20-70D46D7C3F63}"
EndProject
Project("{FAE04EC0-301F-11D3-BF4B-00C04F79EFBC}") = "OrlandoDemoApp.UWP", "OrlandoDemoApp\OrlandoDemoApp.UWP\OrlandoDemoApp.UWP.csproj", "{C87EEFAD-BFD3-42B6-B92A-723378D06AD0}"
EndProject
Project("{FAE04EC0-301F-11D3-BF4B-00C04F79EFBC}") = "OrlandoDemoApp.Windows", "OrlandoDemoApp\OrlandoDemoApp.Windows\OrlandoDemoApp.Windows.csproj", "{C6497187-670C-4493-9684-106FEC946830}"
EndProject
Project("{FAE04EC0-301F-11D3-BF4B-00C04F79EFBC}") = "OrlandoDemoApp", "OrlandoDemoApp\OrlandoDemoApp\OrlandoDemoApp.csproj", "{C66CCE56-B81A-47D6-8987-F8B9A48722DD}"
EndProject
Global
	GlobalSection(SolutionConfigurationPlatforms) = preSolution
		Ad-Hoc|Any CPU = Ad-Hoc|Any CPU
		Ad-Hoc|ARM = Ad-Hoc|ARM
		Ad-Hoc|iPhone = Ad-Hoc|iPhone
		Ad-Hoc|iPhoneSimulator = Ad-Hoc|iPhoneSimulator
		Ad-Hoc|x64 = Ad-Hoc|x64
		Ad-Hoc|x86 = Ad-Hoc|x86
		AppStore|Any CPU = AppStore|Any CPU
		AppStore|ARM = AppStore|ARM
		AppStore|iPhone = AppStore|iPhone
		AppStore|iPhoneSimulator = AppStore|iPhoneSimulator
		AppStore|x64 = AppStore|x64
		AppStore|x86 = AppStore|x86
		Debug|Any CPU = Debug|Any CPU
		Debug|ARM = Debug|ARM
		Debug|iPhone = Debug|iPhone
		Debug|iPhoneSimulator = Debug|iPhoneSimulator
		Debug|x64 = Debug|x64
		Debug|x86 = Debug|x86
		Release|Any CPU = Release|Any CPU
		Release|ARM = Release|ARM
		Release|iPhone = Release|iPhone
		Release|iPhoneSimulator = Release|iPhoneSimulator
		Release|x64 = Release|x64
		Release|x86 = Release|x86
	EndGlobalSection
	GlobalSection(ProjectConfigurationPlatforms) = postSolution
		{D28A9305-4518-457F-BF70-DE517949A239}.Ad-Hoc|Any CPU.ActiveCfg = Release|Any CPU
		{D28A9305-4518-457F-BF70-DE517949A239}.Ad-Hoc|Any CPU.Build.0 = Release|Any CPU
		{D28A9305-4518-457F-BF70-DE517949A239}.Ad-Hoc|Any CPU.Deploy.0 = Release|Any CPU
		{D28A9305-4518-457F-BF70-DE517949A239}.Ad-Hoc|ARM.ActiveCfg = Release|Any CPU
		{D28A9305-4518-457F-BF70-DE517949A239}.Ad-Hoc|ARM.Build.0 = Release|Any CPU
		{D28A9305-4518-457F-BF70-DE517949A239}.Ad-Hoc|ARM.Deploy.0 = Release|Any CPU
		{D28A9305-4518-457F-BF70-DE517949A239}.Ad-Hoc|iPhone.ActiveCfg = Release|Any CPU
		{D28A9305-4518-457F-BF70-DE517949A239}.Ad-Hoc|iPhone.Build.0 = Release|Any CPU
		{D28A9305-4518-457F-BF70-DE517949A239}.Ad-Hoc|iPhone.Deploy.0 = Release|Any CPU
		{D28A9305-4518-457F-BF70-DE517949A239}.Ad-Hoc|iPhoneSimulator.ActiveCfg = Release|Any CPU
		{D28A9305-4518-457F-BF70-DE517949A239}.Ad-Hoc|iPhoneSimulator.Build.0 = Release|Any CPU
		{D28A9305-4518-457F-BF70-DE517949A239}.Ad-Hoc|iPhoneSimulator.Deploy.0 = Release|Any CPU
		{D28A9305-4518-457F-BF70-DE517949A239}.Ad-Hoc|x64.ActiveCfg = Release|Any CPU
		{D28A9305-4518-457F-BF70-DE517949A239}.Ad-Hoc|x64.Build.0 = Release|Any CPU
		{D28A9305-4518-457F-BF70-DE517949A239}.Ad-Hoc|x64.Deploy.0 = Release|Any CPU
		{D28A9305-4518-457F-BF70-DE517949A239}.Ad-Hoc|x86.ActiveCfg = Release|Any CPU
		{D28A9305-4518-457F-BF70-DE517949A239}.Ad-Hoc|x86.Build.0 = Release|Any CPU
		{D28A9305-4518-457F-BF70-DE517949A239}.Ad-Hoc|x86.Deploy.0 = Release|Any CPU
		{D28A9305-4518-457F-BF70-DE517949A239}.AppStore|Any CPU.ActiveCfg = Release|Any CPU
		{D28A9305-4518-457F-BF70-DE517949A239}.AppStore|Any CPU.Build.0 = Release|Any CPU
		{D28A9305-4518-457F-BF70-DE517949A239}.AppStore|Any CPU.Deploy.0 = Release|Any CPU
		{D28A9305-4518-457F-BF70-DE517949A239}.AppStore|ARM.ActiveCfg = Release|Any CPU
		{D28A9305-4518-457F-BF70-DE517949A239}.AppStore|ARM.Build.0 = Release|Any CPU
		{D28A9305-4518-457F-BF70-DE517949A239}.AppStore|ARM.Deploy.0 = Release|Any CPU
		{D28A9305-4518-457F-BF70-DE517949A239}.AppStore|iPhone.ActiveCfg = Release|Any CPU
		{D28A9305-4518-457F-BF70-DE517949A239}.AppStore|iPhone.Build.0 = Release|Any CPU
		{D28A9305-4518-457F-BF70-DE517949A239}.AppStore|iPhone.Deploy.0 = Release|Any CPU
		{D28A9305-4518-457F-BF70-DE517949A239}.AppStore|iPhoneSimulator.ActiveCfg = Release|Any CPU
		{D28A9305-4518-457F-BF70-DE517949A239}.AppStore|iPhoneSimulator.Build.0 = Release|Any CPU
		{D28A9305-4518-457F-BF70-DE517949A239}.AppStore|iPhoneSimulator.Deploy.0 = Release|Any CPU
		{D28A9305-4518-457F-BF70-DE517949A239}.AppStore|x64.ActiveCfg = Release|Any CPU
		{D28A9305-4518-457F-BF70-DE517949A239}.AppStore|x64.Build.0 = Release|Any CPU
		{D28A9305-4518-457F-BF70-DE517949A239}.AppStore|x64.Deploy.0 = Release|Any CPU
		{D28A9305-4518-457F-BF70-DE517949A239}.AppStore|x86.ActiveCfg = Release|Any CPU
		{D28A9305-4518-457F-BF70-DE517949A239}.AppStore|x86.Build.0 = Release|Any CPU
		{D28A9305-4518-457F-BF70-DE517949A239}.AppStore|x86.Deploy.0 = Release|Any CPU
		{D28A9305-4518-457F-BF70-DE517949A239}.Debug|Any CPU.ActiveCfg = Debug|Any CPU
		{D28A9305-4518-457F-BF70-DE517949A239}.Debug|Any CPU.Build.0 = Debug|Any CPU
		{D28A9305-4518-457F-BF70-DE517949A239}.Debug|Any CPU.Deploy.0 = Debug|Any CPU
		{D28A9305-4518-457F-BF70-DE517949A239}.Debug|ARM.ActiveCfg = Debug|Any CPU
		{D28A9305-4518-457F-BF70-DE517949A239}.Debug|ARM.Build.0 = Debug|Any CPU
		{D28A9305-4518-457F-BF70-DE517949A239}.Debug|ARM.Deploy.0 = Debug|Any CPU
		{D28A9305-4518-457F-BF70-DE517949A239}.Debug|iPhone.ActiveCfg = Debug|Any CPU
		{D28A9305-4518-457F-BF70-DE517949A239}.Debug|iPhone.Build.0 = Debug|Any CPU
		{D28A9305-4518-457F-BF70-DE517949A239}.Debug|iPhone.Deploy.0 = Debug|Any CPU
		{D28A9305-4518-457F-BF70-DE517949A239}.Debug|iPhoneSimulator.ActiveCfg = Debug|Any CPU
		{D28A9305-4518-457F-BF70-DE517949A239}.Debug|iPhoneSimulator.Build.0 = Debug|Any CPU
		{D28A9305-4518-457F-BF70-DE517949A239}.Debug|iPhoneSimulator.Deploy.0 = Debug|Any CPU
		{D28A9305-4518-457F-BF70-DE517949A239}.Debug|x64.ActiveCfg = Debug|Any CPU
		{D28A9305-4518-457F-BF70-DE517949A239}.Debug|x64.Build.0 = Debug|Any CPU
		{D28A9305-4518-457F-BF70-DE517949A239}.Debug|x64.Deploy.0 = Debug|Any CPU
		{D28A9305-4518-457F-BF70-DE517949A239}.Debug|x86.ActiveCfg = Debug|Any CPU
		{D28A9305-4518-457F-BF70-DE517949A239}.Debug|x86.Build.0 = Debug|Any CPU
		{D28A9305-4518-457F-BF70-DE517949A239}.Debug|x86.Deploy.0 = Debug|Any CPU
		{D28A9305-4518-457F-BF70-DE517949A239}.Release|Any CPU.ActiveCfg = Release|Any CPU
		{D28A9305-4518-457F-BF70-DE517949A239}.Release|Any CPU.Build.0 = Release|Any CPU
		{D28A9305-4518-457F-BF70-DE517949A239}.Release|Any CPU.Deploy.0 = Release|Any CPU
		{D28A9305-4518-457F-BF70-DE517949A239}.Release|ARM.ActiveCfg = Release|Any CPU
		{D28A9305-4518-457F-BF70-DE517949A239}.Release|ARM.Build.0 = Release|Any CPU
		{D28A9305-4518-457F-BF70-DE517949A239}.Release|ARM.Deploy.0 = Release|Any CPU
		{D28A9305-4518-457F-BF70-DE517949A239}.Release|iPhone.ActiveCfg = Release|Any CPU
		{D28A9305-4518-457F-BF70-DE517949A239}.Release|iPhone.Build.0 = Release|Any CPU
		{D28A9305-4518-457F-BF70-DE517949A239}.Release|iPhone.Deploy.0 = Release|Any CPU
		{D28A9305-4518-457F-BF70-DE517949A239}.Release|iPhoneSimulator.ActiveCfg = Release|Any CPU
		{D28A9305-4518-457F-BF70-DE517949A239}.Release|iPhoneSimulator.Build.0 = Release|Any CPU
		{D28A9305-4518-457F-BF70-DE517949A239}.Release|iPhoneSimulator.Deploy.0 = Release|Any CPU
		{D28A9305-4518-457F-BF70-DE517949A239}.Release|x64.ActiveCfg = Release|Any CPU
		{D28A9305-4518-457F-BF70-DE517949A239}.Release|x64.Build.0 = Release|Any CPU
		{D28A9305-4518-457F-BF70-DE517949A239}.Release|x64.Deploy.0 = Release|Any CPU
		{D28A9305-4518-457F-BF70-DE517949A239}.Release|x86.ActiveCfg = Release|Any CPU
		{D28A9305-4518-457F-BF70-DE517949A239}.Release|x86.Build.0 = Release|Any CPU
		{D28A9305-4518-457F-BF70-DE517949A239}.Release|x86.Deploy.0 = Release|Any CPU
		{8391B261-FE45-4A4F-8A7D-ED32423AF4DB}.Ad-Hoc|Any CPU.ActiveCfg = Ad-Hoc|iPhone
		{8391B261-FE45-4A4F-8A7D-ED32423AF4DB}.Ad-Hoc|ARM.ActiveCfg = Ad-Hoc|iPhone
		{8391B261-FE45-4A4F-8A7D-ED32423AF4DB}.Ad-Hoc|iPhone.ActiveCfg = Ad-Hoc|iPhone
		{8391B261-FE45-4A4F-8A7D-ED32423AF4DB}.Ad-Hoc|iPhone.Build.0 = Ad-Hoc|iPhone
		{8391B261-FE45-4A4F-8A7D-ED32423AF4DB}.Ad-Hoc|iPhoneSimulator.ActiveCfg = Ad-Hoc|iPhoneSimulator
		{8391B261-FE45-4A4F-8A7D-ED32423AF4DB}.Ad-Hoc|iPhoneSimulator.Build.0 = Ad-Hoc|iPhoneSimulator
		{8391B261-FE45-4A4F-8A7D-ED32423AF4DB}.Ad-Hoc|x64.ActiveCfg = Ad-Hoc|iPhone
		{8391B261-FE45-4A4F-8A7D-ED32423AF4DB}.Ad-Hoc|x86.ActiveCfg = Ad-Hoc|iPhone
		{8391B261-FE45-4A4F-8A7D-ED32423AF4DB}.AppStore|Any CPU.ActiveCfg = AppStore|iPhone
		{8391B261-FE45-4A4F-8A7D-ED32423AF4DB}.AppStore|ARM.ActiveCfg = AppStore|iPhone
		{8391B261-FE45-4A4F-8A7D-ED32423AF4DB}.AppStore|iPhone.ActiveCfg = AppStore|iPhone
		{8391B261-FE45-4A4F-8A7D-ED32423AF4DB}.AppStore|iPhone.Build.0 = AppStore|iPhone
		{8391B261-FE45-4A4F-8A7D-ED32423AF4DB}.AppStore|iPhoneSimulator.ActiveCfg = AppStore|iPhoneSimulator
		{8391B261-FE45-4A4F-8A7D-ED32423AF4DB}.AppStore|iPhoneSimulator.Build.0 = AppStore|iPhoneSimulator
		{8391B261-FE45-4A4F-8A7D-ED32423AF4DB}.AppStore|x64.ActiveCfg = AppStore|iPhone
		{8391B261-FE45-4A4F-8A7D-ED32423AF4DB}.AppStore|x86.ActiveCfg = AppStore|iPhone
		{8391B261-FE45-4A4F-8A7D-ED32423AF4DB}.Debug|Any CPU.ActiveCfg = Debug|iPhone
		{8391B261-FE45-4A4F-8A7D-ED32423AF4DB}.Debug|ARM.ActiveCfg = Debug|iPhone
		{8391B261-FE45-4A4F-8A7D-ED32423AF4DB}.Debug|iPhone.ActiveCfg = Debug|iPhone
		{8391B261-FE45-4A4F-8A7D-ED32423AF4DB}.Debug|iPhone.Build.0 = Debug|iPhone
		{8391B261-FE45-4A4F-8A7D-ED32423AF4DB}.Debug|iPhoneSimulator.ActiveCfg = Debug|iPhoneSimulator
		{8391B261-FE45-4A4F-8A7D-ED32423AF4DB}.Debug|iPhoneSimulator.Build.0 = Debug|iPhoneSimulator
		{8391B261-FE45-4A4F-8A7D-ED32423AF4DB}.Debug|x64.ActiveCfg = Debug|iPhone
		{8391B261-FE45-4A4F-8A7D-ED32423AF4DB}.Debug|x86.ActiveCfg = Debug|iPhone
		{8391B261-FE45-4A4F-8A7D-ED32423AF4DB}.Release|Any CPU.ActiveCfg = Release|iPhone
		{8391B261-FE45-4A4F-8A7D-ED32423AF4DB}.Release|ARM.ActiveCfg = Release|iPhone
		{8391B261-FE45-4A4F-8A7D-ED32423AF4DB}.Release|iPhone.ActiveCfg = Release|iPhone
		{8391B261-FE45-4A4F-8A7D-ED32423AF4DB}.Release|iPhone.Build.0 = Release|iPhone
		{8391B261-FE45-4A4F-8A7D-ED32423AF4DB}.Release|iPhoneSimulator.ActiveCfg = Release|iPhoneSimulator
		{8391B261-FE45-4A4F-8A7D-ED32423AF4DB}.Release|iPhoneSimulator.Build.0 = Release|iPhoneSimulator
		{8391B261-FE45-4A4F-8A7D-ED32423AF4DB}.Release|x64.ActiveCfg = Release|iPhone
		{8391B261-FE45-4A4F-8A7D-ED32423AF4DB}.Release|x86.ActiveCfg = Release|iPhone
		{1C723ADA-6D30-4B1E-AB20-70D46D7C3F63}.Ad-Hoc|Any CPU.ActiveCfg = Release|Any CPU
		{1C723ADA-6D30-4B1E-AB20-70D46D7C3F63}.Ad-Hoc|Any CPU.Build.0 = Release|Any CPU
		{1C723ADA-6D30-4B1E-AB20-70D46D7C3F63}.Ad-Hoc|Any CPU.Deploy.0 = Release|Any CPU
		{1C723ADA-6D30-4B1E-AB20-70D46D7C3F63}.Ad-Hoc|ARM.ActiveCfg = Release|ARM
		{1C723ADA-6D30-4B1E-AB20-70D46D7C3F63}.Ad-Hoc|ARM.Build.0 = Release|ARM
		{1C723ADA-6D30-4B1E-AB20-70D46D7C3F63}.Ad-Hoc|ARM.Deploy.0 = Release|ARM
		{1C723ADA-6D30-4B1E-AB20-70D46D7C3F63}.Ad-Hoc|iPhone.ActiveCfg = Release|Any CPU
		{1C723ADA-6D30-4B1E-AB20-70D46D7C3F63}.Ad-Hoc|iPhone.Build.0 = Release|Any CPU
		{1C723ADA-6D30-4B1E-AB20-70D46D7C3F63}.Ad-Hoc|iPhone.Deploy.0 = Release|Any CPU
		{1C723ADA-6D30-4B1E-AB20-70D46D7C3F63}.Ad-Hoc|iPhoneSimulator.ActiveCfg = Release|Any CPU
		{1C723ADA-6D30-4B1E-AB20-70D46D7C3F63}.Ad-Hoc|iPhoneSimulator.Build.0 = Release|Any CPU
		{1C723ADA-6D30-4B1E-AB20-70D46D7C3F63}.Ad-Hoc|iPhoneSimulator.Deploy.0 = Release|Any CPU
		{1C723ADA-6D30-4B1E-AB20-70D46D7C3F63}.Ad-Hoc|x64.ActiveCfg = Release|Any CPU
		{1C723ADA-6D30-4B1E-AB20-70D46D7C3F63}.Ad-Hoc|x64.Build.0 = Release|Any CPU
		{1C723ADA-6D30-4B1E-AB20-70D46D7C3F63}.Ad-Hoc|x64.Deploy.0 = Release|Any CPU
		{1C723ADA-6D30-4B1E-AB20-70D46D7C3F63}.Ad-Hoc|x86.ActiveCfg = Release|x86
		{1C723ADA-6D30-4B1E-AB20-70D46D7C3F63}.Ad-Hoc|x86.Build.0 = Release|x86
		{1C723ADA-6D30-4B1E-AB20-70D46D7C3F63}.Ad-Hoc|x86.Deploy.0 = Release|x86
		{1C723ADA-6D30-4B1E-AB20-70D46D7C3F63}.AppStore|Any CPU.ActiveCfg = Release|Any CPU
		{1C723ADA-6D30-4B1E-AB20-70D46D7C3F63}.AppStore|Any CPU.Build.0 = Release|Any CPU
		{1C723ADA-6D30-4B1E-AB20-70D46D7C3F63}.AppStore|Any CPU.Deploy.0 = Release|Any CPU
		{1C723ADA-6D30-4B1E-AB20-70D46D7C3F63}.AppStore|ARM.ActiveCfg = Release|ARM
		{1C723ADA-6D30-4B1E-AB20-70D46D7C3F63}.AppStore|ARM.Build.0 = Release|ARM
		{1C723ADA-6D30-4B1E-AB20-70D46D7C3F63}.AppStore|ARM.Deploy.0 = Release|ARM
		{1C723ADA-6D30-4B1E-AB20-70D46D7C3F63}.AppStore|iPhone.ActiveCfg = Release|Any CPU
		{1C723ADA-6D30-4B1E-AB20-70D46D7C3F63}.AppStore|iPhone.Build.0 = Release|Any CPU
		{1C723ADA-6D30-4B1E-AB20-70D46D7C3F63}.AppStore|iPhone.Deploy.0 = Release|Any CPU
		{1C723ADA-6D30-4B1E-AB20-70D46D7C3F63}.AppStore|iPhoneSimulator.ActiveCfg = Release|Any CPU
		{1C723ADA-6D30-4B1E-AB20-70D46D7C3F63}.AppStore|iPhoneSimulator.Build.0 = Release|Any CPU
		{1C723ADA-6D30-4B1E-AB20-70D46D7C3F63}.AppStore|iPhoneSimulator.Deploy.0 = Release|Any CPU
		{1C723ADA-6D30-4B1E-AB20-70D46D7C3F63}.AppStore|x64.ActiveCfg = Release|Any CPU
		{1C723ADA-6D30-4B1E-AB20-70D46D7C3F63}.AppStore|x64.Build.0 = Release|Any CPU
		{1C723ADA-6D30-4B1E-AB20-70D46D7C3F63}.AppStore|x64.Deploy.0 = Release|Any CPU
		{1C723ADA-6D30-4B1E-AB20-70D46D7C3F63}.AppStore|x86.ActiveCfg = Release|x86
		{1C723ADA-6D30-4B1E-AB20-70D46D7C3F63}.AppStore|x86.Build.0 = Release|x86
		{1C723ADA-6D30-4B1E-AB20-70D46D7C3F63}.AppStore|x86.Deploy.0 = Release|x86
		{1C723ADA-6D30-4B1E-AB20-70D46D7C3F63}.Debug|Any CPU.ActiveCfg = Debug|Any CPU
		{1C723ADA-6D30-4B1E-AB20-70D46D7C3F63}.Debug|Any CPU.Build.0 = Debug|Any CPU
		{1C723ADA-6D30-4B1E-AB20-70D46D7C3F63}.Debug|Any CPU.Deploy.0 = Debug|Any CPU
		{1C723ADA-6D30-4B1E-AB20-70D46D7C3F63}.Debug|ARM.ActiveCfg = Debug|ARM
		{1C723ADA-6D30-4B1E-AB20-70D46D7C3F63}.Debug|ARM.Build.0 = Debug|ARM
		{1C723ADA-6D30-4B1E-AB20-70D46D7C3F63}.Debug|ARM.Deploy.0 = Debug|ARM
		{1C723ADA-6D30-4B1E-AB20-70D46D7C3F63}.Debug|iPhone.ActiveCfg = Debug|Any CPU
		{1C723ADA-6D30-4B1E-AB20-70D46D7C3F63}.Debug|iPhone.Build.0 = Debug|Any CPU
		{1C723ADA-6D30-4B1E-AB20-70D46D7C3F63}.Debug|iPhone.Deploy.0 = Debug|Any CPU
		{1C723ADA-6D30-4B1E-AB20-70D46D7C3F63}.Debug|iPhoneSimulator.ActiveCfg = Debug|Any CPU
		{1C723ADA-6D30-4B1E-AB20-70D46D7C3F63}.Debug|iPhoneSimulator.Build.0 = Debug|Any CPU
		{1C723ADA-6D30-4B1E-AB20-70D46D7C3F63}.Debug|iPhoneSimulator.Deploy.0 = Debug|Any CPU
		{1C723ADA-6D30-4B1E-AB20-70D46D7C3F63}.Debug|x64.ActiveCfg = Debug|Any CPU
		{1C723ADA-6D30-4B1E-AB20-70D46D7C3F63}.Debug|x64.Build.0 = Debug|Any CPU
		{1C723ADA-6D30-4B1E-AB20-70D46D7C3F63}.Debug|x64.Deploy.0 = Debug|Any CPU
		{1C723ADA-6D30-4B1E-AB20-70D46D7C3F63}.Debug|x86.ActiveCfg = Debug|x86
		{1C723ADA-6D30-4B1E-AB20-70D46D7C3F63}.Debug|x86.Build.0 = Debug|x86
		{1C723ADA-6D30-4B1E-AB20-70D46D7C3F63}.Debug|x86.Deploy.0 = Debug|x86
		{1C723ADA-6D30-4B1E-AB20-70D46D7C3F63}.Release|Any CPU.ActiveCfg = Release|Any CPU
		{1C723ADA-6D30-4B1E-AB20-70D46D7C3F63}.Release|Any CPU.Build.0 = Release|Any CPU
		{1C723ADA-6D30-4B1E-AB20-70D46D7C3F63}.Release|Any CPU.Deploy.0 = Release|Any CPU
		{1C723ADA-6D30-4B1E-AB20-70D46D7C3F63}.Release|ARM.ActiveCfg = Release|ARM
		{1C723ADA-6D30-4B1E-AB20-70D46D7C3F63}.Release|ARM.Build.0 = Release|ARM
		{1C723ADA-6D30-4B1E-AB20-70D46D7C3F63}.Release|ARM.Deploy.0 = Release|ARM
		{1C723ADA-6D30-4B1E-AB20-70D46D7C3F63}.Release|iPhone.ActiveCfg = Release|Any CPU
		{1C723ADA-6D30-4B1E-AB20-70D46D7C3F63}.Release|iPhone.Build.0 = Release|Any CPU
		{1C723ADA-6D30-4B1E-AB20-70D46D7C3F63}.Release|iPhone.Deploy.0 = Release|Any CPU
		{1C723ADA-6D30-4B1E-AB20-70D46D7C3F63}.Release|iPhoneSimulator.ActiveCfg = Release|Any CPU
		{1C723ADA-6D30-4B1E-AB20-70D46D7C3F63}.Release|iPhoneSimulator.Build.0 = Release|Any CPU
		{1C723ADA-6D30-4B1E-AB20-70D46D7C3F63}.Release|iPhoneSimulator.Deploy.0 = Release|Any CPU
		{1C723ADA-6D30-4B1E-AB20-70D46D7C3F63}.Release|x64.ActiveCfg = Release|Any CPU
		{1C723ADA-6D30-4B1E-AB20-70D46D7C3F63}.Release|x64.Build.0 = Release|Any CPU
		{1C723ADA-6D30-4B1E-AB20-70D46D7C3F63}.Release|x64.Deploy.0 = Release|Any CPU
		{1C723ADA-6D30-4B1E-AB20-70D46D7C3F63}.Release|x86.ActiveCfg = Release|x86
		{1C723ADA-6D30-4B1E-AB20-70D46D7C3F63}.Release|x86.Build.0 = Release|x86
		{1C723ADA-6D30-4B1E-AB20-70D46D7C3F63}.Release|x86.Deploy.0 = Release|x86
		{C87EEFAD-BFD3-42B6-B92A-723378D06AD0}.Ad-Hoc|Any CPU.ActiveCfg = Release|x86
		{C87EEFAD-BFD3-42B6-B92A-723378D06AD0}.Ad-Hoc|Any CPU.Build.0 = Release|x86
		{C87EEFAD-BFD3-42B6-B92A-723378D06AD0}.Ad-Hoc|Any CPU.Deploy.0 = Release|x86
		{C87EEFAD-BFD3-42B6-B92A-723378D06AD0}.Ad-Hoc|ARM.ActiveCfg = Release|ARM
		{C87EEFAD-BFD3-42B6-B92A-723378D06AD0}.Ad-Hoc|ARM.Build.0 = Release|ARM
		{C87EEFAD-BFD3-42B6-B92A-723378D06AD0}.Ad-Hoc|ARM.Deploy.0 = Release|ARM
		{C87EEFAD-BFD3-42B6-B92A-723378D06AD0}.Ad-Hoc|iPhone.ActiveCfg = Release|x86
		{C87EEFAD-BFD3-42B6-B92A-723378D06AD0}.Ad-Hoc|iPhone.Build.0 = Release|x86
		{C87EEFAD-BFD3-42B6-B92A-723378D06AD0}.Ad-Hoc|iPhone.Deploy.0 = Release|x86
		{C87EEFAD-BFD3-42B6-B92A-723378D06AD0}.Ad-Hoc|iPhoneSimulator.ActiveCfg = Release|x86
		{C87EEFAD-BFD3-42B6-B92A-723378D06AD0}.Ad-Hoc|iPhoneSimulator.Build.0 = Release|x86
		{C87EEFAD-BFD3-42B6-B92A-723378D06AD0}.Ad-Hoc|iPhoneSimulator.Deploy.0 = Release|x86
		{C87EEFAD-BFD3-42B6-B92A-723378D06AD0}.Ad-Hoc|x64.ActiveCfg = Release|x64
		{C87EEFAD-BFD3-42B6-B92A-723378D06AD0}.Ad-Hoc|x64.Build.0 = Release|x64
		{C87EEFAD-BFD3-42B6-B92A-723378D06AD0}.Ad-Hoc|x64.Deploy.0 = Release|x64
		{C87EEFAD-BFD3-42B6-B92A-723378D06AD0}.Ad-Hoc|x86.ActiveCfg = Release|x86
		{C87EEFAD-BFD3-42B6-B92A-723378D06AD0}.Ad-Hoc|x86.Build.0 = Release|x86
		{C87EEFAD-BFD3-42B6-B92A-723378D06AD0}.Ad-Hoc|x86.Deploy.0 = Release|x86
		{C87EEFAD-BFD3-42B6-B92A-723378D06AD0}.AppStore|Any CPU.ActiveCfg = Release|x86
		{C87EEFAD-BFD3-42B6-B92A-723378D06AD0}.AppStore|Any CPU.Build.0 = Release|x86
		{C87EEFAD-BFD3-42B6-B92A-723378D06AD0}.AppStore|Any CPU.Deploy.0 = Release|x86
		{C87EEFAD-BFD3-42B6-B92A-723378D06AD0}.AppStore|ARM.ActiveCfg = Release|ARM
		{C87EEFAD-BFD3-42B6-B92A-723378D06AD0}.AppStore|ARM.Build.0 = Release|ARM
		{C87EEFAD-BFD3-42B6-B92A-723378D06AD0}.AppStore|ARM.Deploy.0 = Release|ARM
		{C87EEFAD-BFD3-42B6-B92A-723378D06AD0}.AppStore|iPhone.ActiveCfg = Release|x86
		{C87EEFAD-BFD3-42B6-B92A-723378D06AD0}.AppStore|iPhone.Build.0 = Release|x86
		{C87EEFAD-BFD3-42B6-B92A-723378D06AD0}.AppStore|iPhone.Deploy.0 = Release|x86
		{C87EEFAD-BFD3-42B6-B92A-723378D06AD0}.AppStore|iPhoneSimulator.ActiveCfg = Release|x86
		{C87EEFAD-BFD3-42B6-B92A-723378D06AD0}.AppStore|iPhoneSimulator.Build.0 = Release|x86
		{C87EEFAD-BFD3-42B6-B92A-723378D06AD0}.AppStore|iPhoneSimulator.Deploy.0 = Release|x86
		{C87EEFAD-BFD3-42B6-B92A-723378D06AD0}.AppStore|x64.ActiveCfg = Release|x64
		{C87EEFAD-BFD3-42B6-B92A-723378D06AD0}.AppStore|x64.Build.0 = Release|x64
		{C87EEFAD-BFD3-42B6-B92A-723378D06AD0}.AppStore|x64.Deploy.0 = Release|x64
		{C87EEFAD-BFD3-42B6-B92A-723378D06AD0}.AppStore|x86.ActiveCfg = Release|x86
		{C87EEFAD-BFD3-42B6-B92A-723378D06AD0}.AppStore|x86.Build.0 = Release|x86
		{C87EEFAD-BFD3-42B6-B92A-723378D06AD0}.AppStore|x86.Deploy.0 = Release|x86
		{C87EEFAD-BFD3-42B6-B92A-723378D06AD0}.Debug|Any CPU.ActiveCfg = Debug|x86
		{C87EEFAD-BFD3-42B6-B92A-723378D06AD0}.Debug|ARM.ActiveCfg = Debug|ARM
		{C87EEFAD-BFD3-42B6-B92A-723378D06AD0}.Debug|ARM.Build.0 = Debug|ARM
		{C87EEFAD-BFD3-42B6-B92A-723378D06AD0}.Debug|ARM.Deploy.0 = Debug|ARM
		{C87EEFAD-BFD3-42B6-B92A-723378D06AD0}.Debug|iPhone.ActiveCfg = Debug|x86
		{C87EEFAD-BFD3-42B6-B92A-723378D06AD0}.Debug|iPhoneSimulator.ActiveCfg = Debug|x86
		{C87EEFAD-BFD3-42B6-B92A-723378D06AD0}.Debug|x64.ActiveCfg = Debug|x64
		{C87EEFAD-BFD3-42B6-B92A-723378D06AD0}.Debug|x64.Build.0 = Debug|x64
		{C87EEFAD-BFD3-42B6-B92A-723378D06AD0}.Debug|x64.Deploy.0 = Debug|x64
		{C87EEFAD-BFD3-42B6-B92A-723378D06AD0}.Debug|x86.ActiveCfg = Debug|x86
		{C87EEFAD-BFD3-42B6-B92A-723378D06AD0}.Debug|x86.Build.0 = Debug|x86
		{C87EEFAD-BFD3-42B6-B92A-723378D06AD0}.Debug|x86.Deploy.0 = Debug|x86
		{C87EEFAD-BFD3-42B6-B92A-723378D06AD0}.Release|Any CPU.ActiveCfg = Release|x86
		{C87EEFAD-BFD3-42B6-B92A-723378D06AD0}.Release|ARM.ActiveCfg = Release|ARM
		{C87EEFAD-BFD3-42B6-B92A-723378D06AD0}.Release|ARM.Build.0 = Release|ARM
		{C87EEFAD-BFD3-42B6-B92A-723378D06AD0}.Release|ARM.Deploy.0 = Release|ARM
		{C87EEFAD-BFD3-42B6-B92A-723378D06AD0}.Release|iPhone.ActiveCfg = Release|x86
		{C87EEFAD-BFD3-42B6-B92A-723378D06AD0}.Release|iPhoneSimulator.ActiveCfg = Release|x86
		{C87EEFAD-BFD3-42B6-B92A-723378D06AD0}.Release|x64.ActiveCfg = Release|x64
		{C87EEFAD-BFD3-42B6-B92A-723378D06AD0}.Release|x64.Build.0 = Release|x64
		{C87EEFAD-BFD3-42B6-B92A-723378D06AD0}.Release|x64.Deploy.0 = Release|x64
		{C87EEFAD-BFD3-42B6-B92A-723378D06AD0}.Release|x86.ActiveCfg = Release|x86
		{C87EEFAD-BFD3-42B6-B92A-723378D06AD0}.Release|x86.Build.0 = Release|x86
		{C87EEFAD-BFD3-42B6-B92A-723378D06AD0}.Release|x86.Deploy.0 = Release|x86
		{C6497187-670C-4493-9684-106FEC946830}.Ad-Hoc|Any CPU.ActiveCfg = Release|Any CPU
		{C6497187-670C-4493-9684-106FEC946830}.Ad-Hoc|Any CPU.Build.0 = Release|Any CPU
		{C6497187-670C-4493-9684-106FEC946830}.Ad-Hoc|Any CPU.Deploy.0 = Release|Any CPU
		{C6497187-670C-4493-9684-106FEC946830}.Ad-Hoc|ARM.ActiveCfg = Release|ARM
		{C6497187-670C-4493-9684-106FEC946830}.Ad-Hoc|ARM.Build.0 = Release|ARM
		{C6497187-670C-4493-9684-106FEC946830}.Ad-Hoc|ARM.Deploy.0 = Release|ARM
		{C6497187-670C-4493-9684-106FEC946830}.Ad-Hoc|iPhone.ActiveCfg = Release|Any CPU
		{C6497187-670C-4493-9684-106FEC946830}.Ad-Hoc|iPhone.Build.0 = Release|Any CPU
		{C6497187-670C-4493-9684-106FEC946830}.Ad-Hoc|iPhone.Deploy.0 = Release|Any CPU
		{C6497187-670C-4493-9684-106FEC946830}.Ad-Hoc|iPhoneSimulator.ActiveCfg = Release|Any CPU
		{C6497187-670C-4493-9684-106FEC946830}.Ad-Hoc|iPhoneSimulator.Build.0 = Release|Any CPU
		{C6497187-670C-4493-9684-106FEC946830}.Ad-Hoc|iPhoneSimulator.Deploy.0 = Release|Any CPU
		{C6497187-670C-4493-9684-106FEC946830}.Ad-Hoc|x64.ActiveCfg = Release|x64
		{C6497187-670C-4493-9684-106FEC946830}.Ad-Hoc|x64.Build.0 = Release|x64
		{C6497187-670C-4493-9684-106FEC946830}.Ad-Hoc|x64.Deploy.0 = Release|x64
		{C6497187-670C-4493-9684-106FEC946830}.Ad-Hoc|x86.ActiveCfg = Release|x86
		{C6497187-670C-4493-9684-106FEC946830}.Ad-Hoc|x86.Build.0 = Release|x86
		{C6497187-670C-4493-9684-106FEC946830}.Ad-Hoc|x86.Deploy.0 = Release|x86
		{C6497187-670C-4493-9684-106FEC946830}.AppStore|Any CPU.ActiveCfg = Release|Any CPU
		{C6497187-670C-4493-9684-106FEC946830}.AppStore|Any CPU.Build.0 = Release|Any CPU
		{C6497187-670C-4493-9684-106FEC946830}.AppStore|Any CPU.Deploy.0 = Release|Any CPU
		{C6497187-670C-4493-9684-106FEC946830}.AppStore|ARM.ActiveCfg = Release|ARM
		{C6497187-670C-4493-9684-106FEC946830}.AppStore|ARM.Build.0 = Release|ARM
		{C6497187-670C-4493-9684-106FEC946830}.AppStore|ARM.Deploy.0 = Release|ARM
		{C6497187-670C-4493-9684-106FEC946830}.AppStore|iPhone.ActiveCfg = Release|Any CPU
		{C6497187-670C-4493-9684-106FEC946830}.AppStore|iPhone.Build.0 = Release|Any CPU
		{C6497187-670C-4493-9684-106FEC946830}.AppStore|iPhone.Deploy.0 = Release|Any CPU
		{C6497187-670C-4493-9684-106FEC946830}.AppStore|iPhoneSimulator.ActiveCfg = Release|Any CPU
		{C6497187-670C-4493-9684-106FEC946830}.AppStore|iPhoneSimulator.Build.0 = Release|Any CPU
		{C6497187-670C-4493-9684-106FEC946830}.AppStore|iPhoneSimulator.Deploy.0 = Release|Any CPU
		{C6497187-670C-4493-9684-106FEC946830}.AppStore|x64.ActiveCfg = Release|x64
		{C6497187-670C-4493-9684-106FEC946830}.AppStore|x64.Build.0 = Release|x64
		{C6497187-670C-4493-9684-106FEC946830}.AppStore|x64.Deploy.0 = Release|x64
		{C6497187-670C-4493-9684-106FEC946830}.AppStore|x86.ActiveCfg = Release|x86
		{C6497187-670C-4493-9684-106FEC946830}.AppStore|x86.Build.0 = Release|x86
		{C6497187-670C-4493-9684-106FEC946830}.AppStore|x86.Deploy.0 = Release|x86
		{C6497187-670C-4493-9684-106FEC946830}.Debug|Any CPU.ActiveCfg = Debug|Any CPU
		{C6497187-670C-4493-9684-106FEC946830}.Debug|Any CPU.Build.0 = Debug|Any CPU
		{C6497187-670C-4493-9684-106FEC946830}.Debug|Any CPU.Deploy.0 = Debug|Any CPU
		{C6497187-670C-4493-9684-106FEC946830}.Debug|ARM.ActiveCfg = Debug|ARM
		{C6497187-670C-4493-9684-106FEC946830}.Debug|ARM.Build.0 = Debug|ARM
		{C6497187-670C-4493-9684-106FEC946830}.Debug|ARM.Deploy.0 = Debug|ARM
		{C6497187-670C-4493-9684-106FEC946830}.Debug|iPhone.ActiveCfg = Debug|Any CPU
		{C6497187-670C-4493-9684-106FEC946830}.Debug|iPhone.Build.0 = Debug|Any CPU
		{C6497187-670C-4493-9684-106FEC946830}.Debug|iPhone.Deploy.0 = Debug|Any CPU
		{C6497187-670C-4493-9684-106FEC946830}.Debug|iPhoneSimulator.ActiveCfg = Debug|Any CPU
		{C6497187-670C-4493-9684-106FEC946830}.Debug|iPhoneSimulator.Build.0 = Debug|Any CPU
		{C6497187-670C-4493-9684-106FEC946830}.Debug|iPhoneSimulator.Deploy.0 = Debug|Any CPU
		{C6497187-670C-4493-9684-106FEC946830}.Debug|x64.ActiveCfg = Debug|x64
		{C6497187-670C-4493-9684-106FEC946830}.Debug|x64.Build.0 = Debug|x64
		{C6497187-670C-4493-9684-106FEC946830}.Debug|x64.Deploy.0 = Debug|x64
		{C6497187-670C-4493-9684-106FEC946830}.Debug|x86.ActiveCfg = Debug|x86
		{C6497187-670C-4493-9684-106FEC946830}.Debug|x86.Build.0 = Debug|x86
		{C6497187-670C-4493-9684-106FEC946830}.Debug|x86.Deploy.0 = Debug|x86
		{C6497187-670C-4493-9684-106FEC946830}.Release|Any CPU.ActiveCfg = Release|Any CPU
		{C6497187-670C-4493-9684-106FEC946830}.Release|Any CPU.Build.0 = Release|Any CPU
		{C6497187-670C-4493-9684-106FEC946830}.Release|Any CPU.Deploy.0 = Release|Any CPU
		{C6497187-670C-4493-9684-106FEC946830}.Release|ARM.ActiveCfg = Release|ARM
		{C6497187-670C-4493-9684-106FEC946830}.Release|ARM.Build.0 = Release|ARM
		{C6497187-670C-4493-9684-106FEC946830}.Release|ARM.Deploy.0 = Release|ARM
		{C6497187-670C-4493-9684-106FEC946830}.Release|iPhone.ActiveCfg = Release|Any CPU
		{C6497187-670C-4493-9684-106FEC946830}.Release|iPhone.Build.0 = Release|Any CPU
		{C6497187-670C-4493-9684-106FEC946830}.Release|iPhone.Deploy.0 = Release|Any CPU
		{C6497187-670C-4493-9684-106FEC946830}.Release|iPhoneSimulator.ActiveCfg = Release|Any CPU
		{C6497187-670C-4493-9684-106FEC946830}.Release|iPhoneSimulator.Build.0 = Release|Any CPU
		{C6497187-670C-4493-9684-106FEC946830}.Release|iPhoneSimulator.Deploy.0 = Release|Any CPU
		{C6497187-670C-4493-9684-106FEC946830}.Release|x64.ActiveCfg = Release|x64
		{C6497187-670C-4493-9684-106FEC946830}.Release|x64.Build.0 = Release|x64
		{C6497187-670C-4493-9684-106FEC946830}.Release|x64.Deploy.0 = Release|x64
		{C6497187-670C-4493-9684-106FEC946830}.Release|x86.ActiveCfg = Release|x86
		{C6497187-670C-4493-9684-106FEC946830}.Release|x86.Build.0 = Release|x86
		{C6497187-670C-4493-9684-106FEC946830}.Release|x86.Deploy.0 = Release|x86
		{C66CCE56-B81A-47D6-8987-F8B9A48722DD}.Ad-Hoc|Any CPU.ActiveCfg = Release|Any CPU
		{C66CCE56-B81A-47D6-8987-F8B9A48722DD}.Ad-Hoc|Any CPU.Build.0 = Release|Any CPU
		{C66CCE56-B81A-47D6-8987-F8B9A48722DD}.Ad-Hoc|ARM.ActiveCfg = Release|Any CPU
		{C66CCE56-B81A-47D6-8987-F8B9A48722DD}.Ad-Hoc|ARM.Build.0 = Release|Any CPU
		{C66CCE56-B81A-47D6-8987-F8B9A48722DD}.Ad-Hoc|iPhone.ActiveCfg = Release|Any CPU
		{C66CCE56-B81A-47D6-8987-F8B9A48722DD}.Ad-Hoc|iPhone.Build.0 = Release|Any CPU
		{C66CCE56-B81A-47D6-8987-F8B9A48722DD}.Ad-Hoc|iPhoneSimulator.ActiveCfg = Release|Any CPU
		{C66CCE56-B81A-47D6-8987-F8B9A48722DD}.Ad-Hoc|iPhoneSimulator.Build.0 = Release|Any CPU
		{C66CCE56-B81A-47D6-8987-F8B9A48722DD}.Ad-Hoc|x64.ActiveCfg = Release|Any CPU
		{C66CCE56-B81A-47D6-8987-F8B9A48722DD}.Ad-Hoc|x64.Build.0 = Release|Any CPU
		{C66CCE56-B81A-47D6-8987-F8B9A48722DD}.Ad-Hoc|x86.ActiveCfg = Release|Any CPU
		{C66CCE56-B81A-47D6-8987-F8B9A48722DD}.Ad-Hoc|x86.Build.0 = Release|Any CPU
		{C66CCE56-B81A-47D6-8987-F8B9A48722DD}.AppStore|Any CPU.ActiveCfg = Release|Any CPU
		{C66CCE56-B81A-47D6-8987-F8B9A48722DD}.AppStore|Any CPU.Build.0 = Release|Any CPU
		{C66CCE56-B81A-47D6-8987-F8B9A48722DD}.AppStore|ARM.ActiveCfg = Release|Any CPU
		{C66CCE56-B81A-47D6-8987-F8B9A48722DD}.AppStore|ARM.Build.0 = Release|Any CPU
		{C66CCE56-B81A-47D6-8987-F8B9A48722DD}.AppStore|iPhone.ActiveCfg = Release|Any CPU
		{C66CCE56-B81A-47D6-8987-F8B9A48722DD}.AppStore|iPhone.Build.0 = Release|Any CPU
		{C66CCE56-B81A-47D6-8987-F8B9A48722DD}.AppStore|iPhoneSimulator.ActiveCfg = Release|Any CPU
		{C66CCE56-B81A-47D6-8987-F8B9A48722DD}.AppStore|iPhoneSimulator.Build.0 = Release|Any CPU
		{C66CCE56-B81A-47D6-8987-F8B9A48722DD}.AppStore|x64.ActiveCfg = Release|Any CPU
		{C66CCE56-B81A-47D6-8987-F8B9A48722DD}.AppStore|x64.Build.0 = Release|Any CPU
		{C66CCE56-B81A-47D6-8987-F8B9A48722DD}.AppStore|x86.ActiveCfg = Release|Any CPU
		{C66CCE56-B81A-47D6-8987-F8B9A48722DD}.AppStore|x86.Build.0 = Release|Any CPU
		{C66CCE56-B81A-47D6-8987-F8B9A48722DD}.Debug|Any CPU.ActiveCfg = Debug|Any CPU
		{C66CCE56-B81A-47D6-8987-F8B9A48722DD}.Debug|Any CPU.Build.0 = Debug|Any CPU
		{C66CCE56-B81A-47D6-8987-F8B9A48722DD}.Debug|ARM.ActiveCfg = Debug|Any CPU
		{C66CCE56-B81A-47D6-8987-F8B9A48722DD}.Debug|ARM.Build.0 = Debug|Any CPU
		{C66CCE56-B81A-47D6-8987-F8B9A48722DD}.Debug|iPhone.ActiveCfg = Debug|Any CPU
		{C66CCE56-B81A-47D6-8987-F8B9A48722DD}.Debug|iPhone.Build.0 = Debug|Any CPU
		{C66CCE56-B81A-47D6-8987-F8B9A48722DD}.Debug|iPhoneSimulator.ActiveCfg = Debug|Any CPU
		{C66CCE56-B81A-47D6-8987-F8B9A48722DD}.Debug|iPhoneSimulator.Build.0 = Debug|Any CPU
		{C66CCE56-B81A-47D6-8987-F8B9A48722DD}.Debug|x64.ActiveCfg = Debug|Any CPU
		{C66CCE56-B81A-47D6-8987-F8B9A48722DD}.Debug|x64.Build.0 = Debug|Any CPU
		{C66CCE56-B81A-47D6-8987-F8B9A48722DD}.Debug|x86.ActiveCfg = Debug|Any CPU
		{C66CCE56-B81A-47D6-8987-F8B9A48722DD}.Debug|x86.Build.0 = Debug|Any CPU
		{C66CCE56-B81A-47D6-8987-F8B9A48722DD}.Release|Any CPU.ActiveCfg = Release|Any CPU
		{C66CCE56-B81A-47D6-8987-F8B9A48722DD}.Release|Any CPU.Build.0 = Release|Any CPU
		{C66CCE56-B81A-47D6-8987-F8B9A48722DD}.Release|ARM.ActiveCfg = Release|Any CPU
		{C66CCE56-B81A-47D6-8987-F8B9A48722DD}.Release|ARM.Build.0 = Release|Any CPU
		{C66CCE56-B81A-47D6-8987-F8B9A48722DD}.Release|iPhone.ActiveCfg = Release|Any CPU
		{C66CCE56-B81A-47D6-8987-F8B9A48722DD}.Release|iPhone.Build.0 = Release|Any CPU
		{C66CCE56-B81A-47D6-8987-F8B9A48722DD}.Release|iPhoneSimulator.ActiveCfg = Release|Any CPU
		{C66CCE56-B81A-47D6-8987-F8B9A48722DD}.Release|iPhoneSimulator.Build.0 = Release|Any CPU
		{C66CCE56-B81A-47D6-8987-F8B9A48722DD}.Release|x64.ActiveCfg = Release|Any CPU
		{C66CCE56-B81A-47D6-8987-F8B9A48722DD}.Release|x64.Build.0 = Release|Any CPU
		{C66CCE56-B81A-47D6-8987-F8B9A48722DD}.Release|x86.ActiveCfg = Release|Any CPU
		{C66CCE56-B81A-47D6-8987-F8B9A48722DD}.Release|x86.Build.0 = Release|Any CPU
	EndGlobalSection
	GlobalSection(SolutionProperties) = preSolution
		HideSolutionNode = FALSE
	EndGlobalSection
EndGlobal
